
Microsoft Visual Studio Solution File, Format Version 12.00
# Visual Studio Version 17
VisualStudioVersion = 17.9.34728.123
MinimumVisualStudioVersion = 10.0.40219.1
Project("{FAE04EC0-301F-11D3-BF4B-00C04F79EFBC}") = "WebApplication1", "WebApplication1\WebApplication1.csproj", "{2FD607D5-5DA2-478D-AC16-08665F962948}"
EndProject
Global
	GlobalSection(SolutionConfigurationPlatforms) = preSolution
		Debug|Any CPU = Debug|Any CPU
		Release|Any CPU = Release|Any CPU
	EndGlobalSection
	GlobalSection(ProjectConfigurationPlatforms) = postSolution
		{2FD607D5-5DA2-478D-AC16-08665F962948}.Debug|Any CPU.ActiveCfg = Debug|Any CPU
		{2FD607D5-5DA2-478D-AC16-08665F962948}.Debug|Any CPU.Build.0 = Debug|Any CPU
		{2FD607D5-5DA2-478D-AC16-08665F962948}.Release|Any CPU.ActiveCfg = Release|Any CPU
		{2FD607D5-5DA2-478D-AC16-08665F962948}.Release|Any CPU.Build.0 = Release|Any CPU
	EndGlobalSection
	GlobalSection(SolutionProperties) = preSolution
		HideSolutionNode = FALSE
	EndGlobalSection
	GlobalSection(ExtensibilityGlobals) = postSolution
		SolutionGuid = {14E1AC69-B898-4235-8C7D-65B51668CCBE}
	EndGlobalSection
EndGlobal
